// !$*UTF8*$!
{
	archiveVersion = 1;
	classes = {
	};
	objectVersion = 56;
	objects = {

/* Begin PBXBuildFile section */
		FC511DE3297FEA0000424F9B /* AppDelegate.swift in Sources */ = {isa = PBXBuildFile; fileRef = FC511DE2297FEA0000424F9B /* AppDelegate.swift */; };
		FC511DE5297FEA0000424F9B /* SceneDelegate.swift in Sources */ = {isa = PBXBuildFile; fileRef = FC511DE4297FEA0000424F9B /* SceneDelegate.swift */; };
		FC511DE7297FEA0000424F9B /* ViewController.swift in Sources */ = {isa = PBXBuildFile; fileRef = FC511DE6297FEA0000424F9B /* ViewController.swift */; };
		FC511DEA297FEA0000424F9B /* Main.storyboard in Resources */ = {isa = PBXBuildFile; fileRef = FC511DE8297FEA0000424F9B /* Main.storyboard */; };
		FC511DEC297FEA0100424F9B /* Assets.xcassets in Resources */ = {isa = PBXBuildFile; fileRef = FC511DEB297FEA0100424F9B /* Assets.xcassets */; };
		FC511DEF297FEA0100424F9B /* LaunchScreen.storyboard in Resources */ = {isa = PBXBuildFile; fileRef = FC511DED297FEA0100424F9B /* LaunchScreen.storyboard */; };
		FC511DFF298077EC00424F9B /* APIKIT.docc in Sources */ = {isa = PBXBuildFile; fileRef = FC511DFE298077EC00424F9B /* APIKIT.docc */; };
		FC511E05298077ED00424F9B /* APIKIT.framework in Frameworks */ = {isa = PBXBuildFile; fileRef = FC511DFB298077EC00424F9B /* APIKIT.framework */; };
		FC511E0C298077ED00424F9B /* APIKITTests.swift in Sources */ = {isa = PBXBuildFile; fileRef = FC511E0B298077ED00424F9B /* APIKITTests.swift */; };
		FC511E0D298077ED00424F9B /* APIKIT.h in Headers */ = {isa = PBXBuildFile; fileRef = FC511DFD298077EC00424F9B /* APIKIT.h */; settings = {ATTRIBUTES = (Public, ); }; };
		FC511E10298077ED00424F9B /* APIKIT.framework in Frameworks */ = {isa = PBXBuildFile; fileRef = FC511DFB298077EC00424F9B /* APIKIT.framework */; };
		FC511E11298077ED00424F9B /* APIKIT.framework in Embed Frameworks */ = {isa = PBXBuildFile; fileRef = FC511DFB298077EC00424F9B /* APIKIT.framework */; settings = {ATTRIBUTES = (CodeSignOnCopy, RemoveHeadersOnCopy, ); }; };
		FC511E1A2980781500424F9B /* APICaller.swift in Sources */ = {isa = PBXBuildFile; fileRef = FC511E192980781500424F9B /* APICaller.swift */; };
		FC511E24298183A800424F9B /* MyAppUIKit.docc in Sources */ = {isa = PBXBuildFile; fileRef = FC511E23298183A800424F9B /* MyAppUIKit.docc */; };
		FC511E2A298183A900424F9B /* MyAppUIKit.framework in Frameworks */ = {isa = PBXBuildFile; fileRef = FC511E20298183A800424F9B /* MyAppUIKit.framework */; };
		FC511E31298183A900424F9B /* MyAppUIKitTests.swift in Sources */ = {isa = PBXBuildFile; fileRef = FC511E30298183A900424F9B /* MyAppUIKitTests.swift */; };
		FC511E32298183A900424F9B /* MyAppUIKit.h in Headers */ = {isa = PBXBuildFile; fileRef = FC511E22298183A800424F9B /* MyAppUIKit.h */; settings = {ATTRIBUTES = (Public, ); }; };
		FC511E35298183A900424F9B /* MyAppUIKit.framework in Frameworks */ = {isa = PBXBuildFile; fileRef = FC511E20298183A800424F9B /* MyAppUIKit.framework */; };
		FC511E36298183A900424F9B /* MyAppUIKit.framework in Embed Frameworks */ = {isa = PBXBuildFile; fileRef = FC511E20298183A800424F9B /* MyAppUIKit.framework */; settings = {ATTRIBUTES = (CodeSignOnCopy, RemoveHeadersOnCopy, ); }; };
		FC511E3E298183ED00424F9B /* CoursesViewController.swift in Sources */ = {isa = PBXBuildFile; fileRef = FC511E3D298183ED00424F9B /* CoursesViewController.swift */; };
/* End PBXBuildFile section */

/* Begin PBXContainerItemProxy section */
		FC511E06298077ED00424F9B /* PBXContainerItemProxy */ = {
			isa = PBXContainerItemProxy;
			containerPortal = FC511DD7297FEA0000424F9B /* Project object */;
			proxyType = 1;
			remoteGlobalIDString = FC511DFA298077EC00424F9B;
			remoteInfo = APIKIT;
		};
		FC511E08298077ED00424F9B /* PBXContainerItemProxy */ = {
			isa = PBXContainerItemProxy;
			containerPortal = FC511DD7297FEA0000424F9B /* Project object */;
			proxyType = 1;
			remoteGlobalIDString = FC511DDE297FEA0000424F9B;
			remoteInfo = POCDependencyInjection;
		};
		FC511E0E298077ED00424F9B /* PBXContainerItemProxy */ = {
			isa = PBXContainerItemProxy;
			containerPortal = FC511DD7297FEA0000424F9B /* Project object */;
			proxyType = 1;
			remoteGlobalIDString = FC511DFA298077EC00424F9B;
			remoteInfo = APIKIT;
		};
		FC511E2B298183A900424F9B /* PBXContainerItemProxy */ = {
			isa = PBXContainerItemProxy;
			containerPortal = FC511DD7297FEA0000424F9B /* Project object */;
			proxyType = 1;
			remoteGlobalIDString = FC511E1F298183A800424F9B;
			remoteInfo = MyAppUIKit;
		};
		FC511E2D298183A900424F9B /* PBXContainerItemProxy */ = {
			isa = PBXContainerItemProxy;
			containerPortal = FC511DD7297FEA0000424F9B /* Project object */;
			proxyType = 1;
			remoteGlobalIDString = FC511DDE297FEA0000424F9B;
			remoteInfo = POCDependencyInjection;
		};
		FC511E33298183A900424F9B /* PBXContainerItemProxy */ = {
			isa = PBXContainerItemProxy;
			containerPortal = FC511DD7297FEA0000424F9B /* Project object */;
			proxyType = 1;
			remoteGlobalIDString = FC511E1F298183A800424F9B;
			remoteInfo = MyAppUIKit;
		};
/* End PBXContainerItemProxy section */

/* Begin PBXCopyFilesBuildPhase section */
		FC511E15298077ED00424F9B /* Embed Frameworks */ = {
			isa = PBXCopyFilesBuildPhase;
			buildActionMask = 2147483647;
			dstPath = "";
			dstSubfolderSpec = 10;
			files = (
				FC511E11298077ED00424F9B /* APIKIT.framework in Embed Frameworks */,
				FC511E36298183A900424F9B /* MyAppUIKit.framework in Embed Frameworks */,
			);
			name = "Embed Frameworks";
			runOnlyForDeploymentPostprocessing = 0;
		};
/* End PBXCopyFilesBuildPhase section */

/* Begin PBXFileReference section */
		FC511DDF297FEA0000424F9B /* POCDependencyInjection.app */ = {isa = PBXFileReference; explicitFileType = wrapper.application; includeInIndex = 0; path = POCDependencyInjection.app; sourceTree = BUILT_PRODUCTS_DIR; };
		FC511DE2297FEA0000424F9B /* AppDelegate.swift */ = {isa = PBXFileReference; lastKnownFileType = sourcecode.swift; path = AppDelegate.swift; sourceTree = "<group>"; };
		FC511DE4297FEA0000424F9B /* SceneDelegate.swift */ = {isa = PBXFileReference; lastKnownFileType = sourcecode.swift; path = SceneDelegate.swift; sourceTree = "<group>"; };
		FC511DE6297FEA0000424F9B /* ViewController.swift */ = {isa = PBXFileReference; lastKnownFileType = sourcecode.swift; path = ViewController.swift; sourceTree = "<group>"; };
		FC511DE9297FEA0000424F9B /* Base */ = {isa = PBXFileReference; lastKnownFileType = file.storyboard; name = Base; path = Base.lproj/Main.storyboard; sourceTree = "<group>"; };
		FC511DEB297FEA0100424F9B /* Assets.xcassets */ = {isa = PBXFileReference; lastKnownFileType = folder.assetcatalog; path = Assets.xcassets; sourceTree = "<group>"; };
		FC511DEE297FEA0100424F9B /* Base */ = {isa = PBXFileReference; lastKnownFileType = file.storyboard; name = Base; path = Base.lproj/LaunchScreen.storyboard; sourceTree = "<group>"; };
		FC511DF0297FEA0100424F9B /* Info.plist */ = {isa = PBXFileReference; lastKnownFileType = text.plist.xml; path = Info.plist; sourceTree = "<group>"; };
		FC511DFB298077EC00424F9B /* APIKIT.framework */ = {isa = PBXFileReference; explicitFileType = wrapper.framework; includeInIndex = 0; path = APIKIT.framework; sourceTree = BUILT_PRODUCTS_DIR; };
		FC511DFD298077EC00424F9B /* APIKIT.h */ = {isa = PBXFileReference; lastKnownFileType = sourcecode.c.h; path = APIKIT.h; sourceTree = "<group>"; };
		FC511DFE298077EC00424F9B /* APIKIT.docc */ = {isa = PBXFileReference; lastKnownFileType = folder.documentationcatalog; path = APIKIT.docc; sourceTree = "<group>"; };
		FC511E04298077ED00424F9B /* APIKITTests.xctest */ = {isa = PBXFileReference; explicitFileType = wrapper.cfbundle; includeInIndex = 0; path = APIKITTests.xctest; sourceTree = BUILT_PRODUCTS_DIR; };
		FC511E0B298077ED00424F9B /* APIKITTests.swift */ = {isa = PBXFileReference; lastKnownFileType = sourcecode.swift; path = APIKITTests.swift; sourceTree = "<group>"; };
		FC511E192980781500424F9B /* APICaller.swift */ = {isa = PBXFileReference; lastKnownFileType = sourcecode.swift; path = APICaller.swift; sourceTree = "<group>"; };
		FC511E20298183A800424F9B /* MyAppUIKit.framework */ = {isa = PBXFileReference; explicitFileType = wrapper.framework; includeInIndex = 0; path = MyAppUIKit.framework; sourceTree = BUILT_PRODUCTS_DIR; };
		FC511E22298183A800424F9B /* MyAppUIKit.h */ = {isa = PBXFileReference; lastKnownFileType = sourcecode.c.h; path = MyAppUIKit.h; sourceTree = "<group>"; };
		FC511E23298183A800424F9B /* MyAppUIKit.docc */ = {isa = PBXFileReference; lastKnownFileType = folder.documentationcatalog; path = MyAppUIKit.docc; sourceTree = "<group>"; };
		FC511E29298183A800424F9B /* MyAppUIKitTests.xctest */ = {isa = PBXFileReference; explicitFileType = wrapper.cfbundle; includeInIndex = 0; path = MyAppUIKitTests.xctest; sourceTree = BUILT_PRODUCTS_DIR; };
		FC511E30298183A900424F9B /* MyAppUIKitTests.swift */ = {isa = PBXFileReference; lastKnownFileType = sourcecode.swift; path = MyAppUIKitTests.swift; sourceTree = "<group>"; };
		FC511E3D298183ED00424F9B /* CoursesViewController.swift */ = {isa = PBXFileReference; lastKnownFileType = sourcecode.swift; path = CoursesViewController.swift; sourceTree = "<group>"; };
/* End PBXFileReference section */

/* Begin PBXFrameworksBuildPhase section */
		FC511DDC297FEA0000424F9B /* Frameworks */ = {
			isa = PBXFrameworksBuildPhase;
			buildActionMask = 2147483647;
			files = (
				FC511E10298077ED00424F9B /* APIKIT.framework in Frameworks */,
				FC511E35298183A900424F9B /* MyAppUIKit.framework in Frameworks */,
			);
			runOnlyForDeploymentPostprocessing = 0;
		};
		FC511DF8298077EC00424F9B /* Frameworks */ = {
			isa = PBXFrameworksBuildPhase;
			buildActionMask = 2147483647;
			files = (
			);
			runOnlyForDeploymentPostprocessing = 0;
		};
		FC511E01298077ED00424F9B /* Frameworks */ = {
			isa = PBXFrameworksBuildPhase;
			buildActionMask = 2147483647;
			files = (
				FC511E05298077ED00424F9B /* APIKIT.framework in Frameworks */,
			);
			runOnlyForDeploymentPostprocessing = 0;
		};
		FC511E1D298183A800424F9B /* Frameworks */ = {
			isa = PBXFrameworksBuildPhase;
			buildActionMask = 2147483647;
			files = (
			);
			runOnlyForDeploymentPostprocessing = 0;
		};
		FC511E26298183A800424F9B /* Frameworks */ = {
			isa = PBXFrameworksBuildPhase;
			buildActionMask = 2147483647;
			files = (
				FC511E2A298183A900424F9B /* MyAppUIKit.framework in Frameworks */,
			);
			runOnlyForDeploymentPostprocessing = 0;
		};
/* End PBXFrameworksBuildPhase section */

/* Begin PBXGroup section */
		FC511DD6297FEA0000424F9B = {
			isa = PBXGroup;
			children = (
				FC511DE1297FEA0000424F9B /* POCDependencyInjection */,
				FC511DFC298077EC00424F9B /* APIKIT */,
				FC511E0A298077ED00424F9B /* APIKITTests */,
				FC511E21298183A800424F9B /* MyAppUIKit */,
				FC511E2F298183A900424F9B /* MyAppUIKitTests */,
				FC511DE0297FEA0000424F9B /* Products */,
			);
			sourceTree = "<group>";
		};
		FC511DE0297FEA0000424F9B /* Products */ = {
			isa = PBXGroup;
			children = (
				FC511DDF297FEA0000424F9B /* POCDependencyInjection.app */,
				FC511DFB298077EC00424F9B /* APIKIT.framework */,
				FC511E04298077ED00424F9B /* APIKITTests.xctest */,
				FC511E20298183A800424F9B /* MyAppUIKit.framework */,
				FC511E29298183A800424F9B /* MyAppUIKitTests.xctest */,
			);
			name = Products;
			sourceTree = "<group>";
		};
		FC511DE1297FEA0000424F9B /* POCDependencyInjection */ = {
			isa = PBXGroup;
			children = (
				FC511DE2297FEA0000424F9B /* AppDelegate.swift */,
				FC511DE4297FEA0000424F9B /* SceneDelegate.swift */,
				FC511DE6297FEA0000424F9B /* ViewController.swift */,
				FC511DE8297FEA0000424F9B /* Main.storyboard */,
				FC511DEB297FEA0100424F9B /* Assets.xcassets */,
				FC511DED297FEA0100424F9B /* LaunchScreen.storyboard */,
				FC511DF0297FEA0100424F9B /* Info.plist */,
			);
			path = POCDependencyInjection;
			sourceTree = "<group>";
		};
		FC511DFC298077EC00424F9B /* APIKIT */ = {
			isa = PBXGroup;
			children = (
				FC511DFD298077EC00424F9B /* APIKIT.h */,
				FC511DFE298077EC00424F9B /* APIKIT.docc */,
				FC511E192980781500424F9B /* APICaller.swift */,
			);
			path = APIKIT;
			sourceTree = "<group>";
		};
		FC511E0A298077ED00424F9B /* APIKITTests */ = {
			isa = PBXGroup;
			children = (
				FC511E0B298077ED00424F9B /* APIKITTests.swift */,
			);
			path = APIKITTests;
			sourceTree = "<group>";
		};
		FC511E21298183A800424F9B /* MyAppUIKit */ = {
			isa = PBXGroup;
			children = (
				FC511E22298183A800424F9B /* MyAppUIKit.h */,
				FC511E23298183A800424F9B /* MyAppUIKit.docc */,
				FC511E3D298183ED00424F9B /* CoursesViewController.swift */,
			);
			path = MyAppUIKit;
			sourceTree = "<group>";
		};
		FC511E2F298183A900424F9B /* MyAppUIKitTests */ = {
			isa = PBXGroup;
			children = (
				FC511E30298183A900424F9B /* MyAppUIKitTests.swift */,
			);
			path = MyAppUIKitTests;
			sourceTree = "<group>";
		};
/* End PBXGroup section */

/* Begin PBXHeadersBuildPhase section */
		FC511DF6298077EC00424F9B /* Headers */ = {
			isa = PBXHeadersBuildPhase;
			buildActionMask = 2147483647;
			files = (
				FC511E0D298077ED00424F9B /* APIKIT.h in Headers */,
			);
			runOnlyForDeploymentPostprocessing = 0;
		};
		FC511E1B298183A800424F9B /* Headers */ = {
			isa = PBXHeadersBuildPhase;
			buildActionMask = 2147483647;
			files = (
				FC511E32298183A900424F9B /* MyAppUIKit.h in Headers */,
			);
			runOnlyForDeploymentPostprocessing = 0;
		};
/* End PBXHeadersBuildPhase section */

/* Begin PBXNativeTarget section */
		FC511DDE297FEA0000424F9B /* POCDependencyInjection */ = {
			isa = PBXNativeTarget;
			buildConfigurationList = FC511DF3297FEA0100424F9B /* Build configuration list for PBXNativeTarget "POCDependencyInjection" */;
			buildPhases = (
				FC511DDB297FEA0000424F9B /* Sources */,
				FC511DDC297FEA0000424F9B /* Frameworks */,
				FC511DDD297FEA0000424F9B /* Resources */,
				FC511E15298077ED00424F9B /* Embed Frameworks */,
			);
			buildRules = (
			);
			dependencies = (
				FC511E0F298077ED00424F9B /* PBXTargetDependency */,
				FC511E34298183A900424F9B /* PBXTargetDependency */,
			);
			name = POCDependencyInjection;
			productName = POCDependencyInjection;
			productReference = FC511DDF297FEA0000424F9B /* POCDependencyInjection.app */;
			productType = "com.apple.product-type.application";
		};
		FC511DFA298077EC00424F9B /* APIKIT */ = {
			isa = PBXNativeTarget;
			buildConfigurationList = FC511E12298077ED00424F9B /* Build configuration list for PBXNativeTarget "APIKIT" */;
			buildPhases = (
				FC511DF6298077EC00424F9B /* Headers */,
				FC511DF7298077EC00424F9B /* Sources */,
				FC511DF8298077EC00424F9B /* Frameworks */,
				FC511DF9298077EC00424F9B /* Resources */,
			);
			buildRules = (
			);
			dependencies = (
			);
			name = APIKIT;
			productName = APIKIT;
			productReference = FC511DFB298077EC00424F9B /* APIKIT.framework */;
			productType = "com.apple.product-type.framework";
		};
		FC511E03298077ED00424F9B /* APIKITTests */ = {
			isa = PBXNativeTarget;
			buildConfigurationList = FC511E16298077ED00424F9B /* Build configuration list for PBXNativeTarget "APIKITTests" */;
			buildPhases = (
				FC511E00298077ED00424F9B /* Sources */,
				FC511E01298077ED00424F9B /* Frameworks */,
				FC511E02298077ED00424F9B /* Resources */,
			);
			buildRules = (
			);
			dependencies = (
				FC511E07298077ED00424F9B /* PBXTargetDependency */,
				FC511E09298077ED00424F9B /* PBXTargetDependency */,
			);
			name = APIKITTests;
			productName = APIKITTests;
			productReference = FC511E04298077ED00424F9B /* APIKITTests.xctest */;
			productType = "com.apple.product-type.bundle.unit-test";
		};
		FC511E1F298183A800424F9B /* MyAppUIKit */ = {
			isa = PBXNativeTarget;
			buildConfigurationList = FC511E37298183A900424F9B /* Build configuration list for PBXNativeTarget "MyAppUIKit" */;
			buildPhases = (
				FC511E1B298183A800424F9B /* Headers */,
				FC511E1C298183A800424F9B /* Sources */,
				FC511E1D298183A800424F9B /* Frameworks */,
				FC511E1E298183A800424F9B /* Resources */,
			);
			buildRules = (
			);
			dependencies = (
			);
			name = MyAppUIKit;
			productName = MyAppUIKit;
			productReference = FC511E20298183A800424F9B /* MyAppUIKit.framework */;
			productType = "com.apple.product-type.framework";
		};
		FC511E28298183A800424F9B /* MyAppUIKitTests */ = {
			isa = PBXNativeTarget;
			buildConfigurationList = FC511E3A298183A900424F9B /* Build configuration list for PBXNativeTarget "MyAppUIKitTests" */;
			buildPhases = (
				FC511E25298183A800424F9B /* Sources */,
				FC511E26298183A800424F9B /* Frameworks */,
				FC511E27298183A800424F9B /* Resources */,
			);
			buildRules = (
			);
			dependencies = (
				FC511E2C298183A900424F9B /* PBXTargetDependency */,
				FC511E2E298183A900424F9B /* PBXTargetDependency */,
			);
			name = MyAppUIKitTests;
			productName = MyAppUIKitTests;
			productReference = FC511E29298183A800424F9B /* MyAppUIKitTests.xctest */;
			productType = "com.apple.product-type.bundle.unit-test";
		};
/* End PBXNativeTarget section */

/* Begin PBXProject section */
		FC511DD7297FEA0000424F9B /* Project object */ = {
			isa = PBXProject;
			attributes = {
				BuildIndependentTargetsInParallel = 1;
				LastSwiftUpdateCheck = 1420;
				LastUpgradeCheck = 1420;
				TargetAttributes = {
					FC511DDE297FEA0000424F9B = {
						CreatedOnToolsVersion = 14.2;
					};
					FC511DFA298077EC00424F9B = {
						CreatedOnToolsVersion = 14.2;
					};
					FC511E03298077ED00424F9B = {
						CreatedOnToolsVersion = 14.2;
						TestTargetID = FC511DDE297FEA0000424F9B;
					};
					FC511E1F298183A800424F9B = {
						CreatedOnToolsVersion = 14.2;
					};
					FC511E28298183A800424F9B = {
						CreatedOnToolsVersion = 14.2;
						TestTargetID = FC511DDE297FEA0000424F9B;
					};
				};
			};
			buildConfigurationList = FC511DDA297FEA0000424F9B /* Build configuration list for PBXProject "POCDependencyInjection" */;
			compatibilityVersion = "Xcode 14.0";
			developmentRegion = en;
			hasScannedForEncodings = 0;
			knownRegions = (
				en,
				Base,
			);
			mainGroup = FC511DD6297FEA0000424F9B;
			productRefGroup = FC511DE0297FEA0000424F9B /* Products */;
			projectDirPath = "";
			projectRoot = "";
			targets = (
				FC511DDE297FEA0000424F9B /* POCDependencyInjection */,
				FC511DFA298077EC00424F9B /* APIKIT */,
				FC511E03298077ED00424F9B /* APIKITTests */,
				FC511E1F298183A800424F9B /* MyAppUIKit */,
				FC511E28298183A800424F9B /* MyAppUIKitTests */,
			);
		};
/* End PBXProject section */

/* Begin PBXResourcesBuildPhase section */
		FC511DDD297FEA0000424F9B /* Resources */ = {
			isa = PBXResourcesBuildPhase;
			buildActionMask = 2147483647;
			files = (
				FC511DEF297FEA0100424F9B /* LaunchScreen.storyboard in Resources */,
				FC511DEC297FEA0100424F9B /* Assets.xcassets in Resources */,
				FC511DEA297FEA0000424F9B /* Main.storyboard in Resources */,
			);
			runOnlyForDeploymentPostprocessing = 0;
		};
		FC511DF9298077EC00424F9B /* Resources */ = {
			isa = PBXResourcesBuildPhase;
			buildActionMask = 2147483647;
			files = (
			);
			runOnlyForDeploymentPostprocessing = 0;
		};
		FC511E02298077ED00424F9B /* Resources */ = {
			isa = PBXResourcesBuildPhase;
			buildActionMask = 2147483647;
			files = (
			);
			runOnlyForDeploymentPostprocessing = 0;
		};
		FC511E1E298183A800424F9B /* Resources */ = {
			isa = PBXResourcesBuildPhase;
			buildActionMask = 2147483647;
			files = (
			);
			runOnlyForDeploymentPostprocessing = 0;
		};
		FC511E27298183A800424F9B /* Resources */ = {
			isa = PBXResourcesBuildPhase;
			buildActionMask = 2147483647;
			files = (
			);
			runOnlyForDeploymentPostprocessing = 0;
		};
/* End PBXResourcesBuildPhase section */

/* Begin PBXSourcesBuildPhase section */
		FC511DDB297FEA0000424F9B /* Sources */ = {
			isa = PBXSourcesBuildPhase;
			buildActionMask = 2147483647;
			files = (
				FC511DE7297FEA0000424F9B /* ViewController.swift in Sources */,
				FC511DE3297FEA0000424F9B /* AppDelegate.swift in Sources */,
				FC511DE5297FEA0000424F9B /* SceneDelegate.swift in Sources */,
			);
			runOnlyForDeploymentPostprocessing = 0;
		};
		FC511DF7298077EC00424F9B /* Sources */ = {
			isa = PBXSourcesBuildPhase;
			buildActionMask = 2147483647;
			files = (
				FC511DFF298077EC00424F9B /* APIKIT.docc in Sources */,
				FC511E1A2980781500424F9B /* APICaller.swift in Sources */,
			);
			runOnlyForDeploymentPostprocessing = 0;
		};
		FC511E00298077ED00424F9B /* Sources */ = {
			isa = PBXSourcesBuildPhase;
			buildActionMask = 2147483647;
			files = (
				FC511E0C298077ED00424F9B /* APIKITTests.swift in Sources */,
			);
			runOnlyForDeploymentPostprocessing = 0;
		};
		FC511E1C298183A800424F9B /* Sources */ = {
			isa = PBXSourcesBuildPhase;
			buildActionMask = 2147483647;
			files = (
				FC511E24298183A800424F9B /* MyAppUIKit.docc in Sources */,
				FC511E3E298183ED00424F9B /* CoursesViewController.swift in Sources */,
			);
			runOnlyForDeploymentPostprocessing = 0;
		};
		FC511E25298183A800424F9B /* Sources */ = {
			isa = PBXSourcesBuildPhase;
			buildActionMask = 2147483647;
			files = (
				FC511E31298183A900424F9B /* MyAppUIKitTests.swift in Sources */,
			);
			runOnlyForDeploymentPostprocessing = 0;
		};
/* End PBXSourcesBuildPhase section */

/* Begin PBXTargetDependency section */
		FC511E07298077ED00424F9B /* PBXTargetDependency */ = {
			isa = PBXTargetDependency;
			target = FC511DFA298077EC00424F9B /* APIKIT */;
			targetProxy = FC511E06298077ED00424F9B /* PBXContainerItemProxy */;
		};
		FC511E09298077ED00424F9B /* PBXTargetDependency */ = {
			isa = PBXTargetDependency;
			target = FC511DDE297FEA0000424F9B /* POCDependencyInjection */;
			targetProxy = FC511E08298077ED00424F9B /* PBXContainerItemProxy */;
		};
		FC511E0F298077ED00424F9B /* PBXTargetDependency */ = {
			isa = PBXTargetDependency;
			target = FC511DFA298077EC00424F9B /* APIKIT */;
			targetProxy = FC511E0E298077ED00424F9B /* PBXContainerItemProxy */;
		};
		FC511E2C298183A900424F9B /* PBXTargetDependency */ = {
			isa = PBXTargetDependency;
			target = FC511E1F298183A800424F9B /* MyAppUIKit */;
			targetProxy = FC511E2B298183A900424F9B /* PBXContainerItemProxy */;
		};
		FC511E2E298183A900424F9B /* PBXTargetDependency */ = {
			isa = PBXTargetDependency;
			target = FC511DDE297FEA0000424F9B /* POCDependencyInjection */;
			targetProxy = FC511E2D298183A900424F9B /* PBXContainerItemProxy */;
		};
		FC511E34298183A900424F9B /* PBXTargetDependency */ = {
			isa = PBXTargetDependency;
			target = FC511E1F298183A800424F9B /* MyAppUIKit */;
			targetProxy = FC511E33298183A900424F9B /* PBXContainerItemProxy */;
		};
/* End PBXTargetDependency section */

/* Begin PBXVariantGroup section */
		FC511DE8297FEA0000424F9B /* Main.storyboard */ = {
			isa = PBXVariantGroup;
			children = (
				FC511DE9297FEA0000424F9B /* Base */,
			);
			name = Main.storyboard;
			sourceTree = "<group>";
		};
		FC511DED297FEA0100424F9B /* LaunchScreen.storyboard */ = {
			isa = PBXVariantGroup;
			children = (
				FC511DEE297FEA0100424F9B /* Base */,
			);
			name = LaunchScreen.storyboard;
			sourceTree = "<group>";
		};
/* End PBXVariantGroup section */

/* Begin XCBuildConfiguration section */
		FC511DF1297FEA0100424F9B /* Debug */ = {
			isa = XCBuildConfiguration;
			buildSettings = {
				ALWAYS_SEARCH_USER_PATHS = NO;
				CLANG_ANALYZER_NONNULL = YES;
				CLANG_ANALYZER_NUMBER_OBJECT_CONVERSION = YES_AGGRESSIVE;
				CLANG_CXX_LANGUAGE_STANDARD = "gnu++20";
				CLANG_ENABLE_MODULES = YES;
				CLANG_ENABLE_OBJC_ARC = YES;
				CLANG_ENABLE_OBJC_WEAK = YES;
				CLANG_WARN_BLOCK_CAPTURE_AUTORELEASING = YES;
				CLANG_WARN_BOOL_CONVERSION = YES;
				CLANG_WARN_COMMA = YES;
				CLANG_WARN_CONSTANT_CONVERSION = YES;
				CLANG_WARN_DEPRECATED_OBJC_IMPLEMENTATIONS = YES;
				CLANG_WARN_DIRECT_OBJC_ISA_USAGE = YES_ERROR;
				CLANG_WARN_DOCUMENTATION_COMMENTS = YES;
				CLANG_WARN_EMPTY_BODY = YES;
				CLANG_WARN_ENUM_CONVERSION = YES;
				CLANG_WARN_INFINITE_RECURSION = YES;
				CLANG_WARN_INT_CONVERSION = YES;
				CLANG_WARN_NON_LITERAL_NULL_CONVERSION = YES;
				CLANG_WARN_OBJC_IMPLICIT_RETAIN_SELF = YES;
				CLANG_WARN_OBJC_LITERAL_CONVERSION = YES;
				CLANG_WARN_OBJC_ROOT_CLASS = YES_ERROR;
				CLANG_WARN_QUOTED_INCLUDE_IN_FRAMEWORK_HEADER = YES;
				CLANG_WARN_RANGE_LOOP_ANALYSIS = YES;
				CLANG_WARN_STRICT_PROTOTYPES = YES;
				CLANG_WARN_SUSPICIOUS_MOVE = YES;
				CLANG_WARN_UNGUARDED_AVAILABILITY = YES_AGGRESSIVE;
				CLANG_WARN_UNREACHABLE_CODE = YES;
				CLANG_WARN__DUPLICATE_METHOD_MATCH = YES;
				COPY_PHASE_STRIP = NO;
				DEBUG_INFORMATION_FORMAT = dwarf;
				ENABLE_STRICT_OBJC_MSGSEND = YES;
				ENABLE_TESTABILITY = YES;
				GCC_C_LANGUAGE_STANDARD = gnu11;
				GCC_DYNAMIC_NO_PIC = NO;
				GCC_NO_COMMON_BLOCKS = YES;
				GCC_OPTIMIZATION_LEVEL = 0;
				GCC_PREPROCESSOR_DEFINITIONS = (
					"DEBUG=1",
					"$(inherited)",
				);
				GCC_WARN_64_TO_32_BIT_CONVERSION = YES;
				GCC_WARN_ABOUT_RETURN_TYPE = YES_ERROR;
				GCC_WARN_UNDECLARED_SELECTOR = YES;
				GCC_WARN_UNINITIALIZED_AUTOS = YES_AGGRESSIVE;
				GCC_WARN_UNUSED_FUNCTION = YES;
				GCC_WARN_UNUSED_VARIABLE = YES;
				IPHONEOS_DEPLOYMENT_TARGET = 16.2;
				MTL_ENABLE_DEBUG_INFO = INCLUDE_SOURCE;
				MTL_FAST_MATH = YES;
				ONLY_ACTIVE_ARCH = YES;
				SDKROOT = iphoneos;
				SWIFT_ACTIVE_COMPILATION_CONDITIONS = DEBUG;
				SWIFT_OPTIMIZATION_LEVEL = "-Onone";
			};
			name = Debug;
		};
		FC511DF2297FEA0100424F9B /* Release */ = {
			isa = XCBuildConfiguration;
			buildSettings = {
				ALWAYS_SEARCH_USER_PATHS = NO;
				CLANG_ANALYZER_NONNULL = YES;
				CLANG_ANALYZER_NUMBER_OBJECT_CONVERSION = YES_AGGRESSIVE;
				CLANG_CXX_LANGUAGE_STANDARD = "gnu++20";
				CLANG_ENABLE_MODULES = YES;
				CLANG_ENABLE_OBJC_ARC = YES;
				CLANG_ENABLE_OBJC_WEAK = YES;
				CLANG_WARN_BLOCK_CAPTURE_AUTORELEASING = YES;
				CLANG_WARN_BOOL_CONVERSION = YES;
				CLANG_WARN_COMMA = YES;
				CLANG_WARN_CONSTANT_CONVERSION = YES;
				CLANG_WARN_DEPRECATED_OBJC_IMPLEMENTATIONS = YES;
				CLANG_WARN_DIRECT_OBJC_ISA_USAGE = YES_ERROR;
				CLANG_WARN_DOCUMENTATION_COMMENTS = YES;
				CLANG_WARN_EMPTY_BODY = YES;
				CLANG_WARN_ENUM_CONVERSION = YES;
				CLANG_WARN_INFINITE_RECURSION = YES;
				CLANG_WARN_INT_CONVERSION = YES;
				CLANG_WARN_NON_LITERAL_NULL_CONVERSION = YES;
				CLANG_WARN_OBJC_IMPLICIT_RETAIN_SELF = YES;
				CLANG_WARN_OBJC_LITERAL_CONVERSION = YES;
				CLANG_WARN_OBJC_ROOT_CLASS = YES_ERROR;
				CLANG_WARN_QUOTED_INCLUDE_IN_FRAMEWORK_HEADER = YES;
				CLANG_WARN_RANGE_LOOP_ANALYSIS = YES;
				CLANG_WARN_STRICT_PROTOTYPES = YES;
				CLANG_WARN_SUSPICIOUS_MOVE = YES;
				CLANG_WARN_UNGUARDED_AVAILABILITY = YES_AGGRESSIVE;
				CLANG_WARN_UNREACHABLE_CODE = YES;
				CLANG_WARN__DUPLICATE_METHOD_MATCH = YES;
				COPY_PHASE_STRIP = NO;
				DEBUG_INFORMATION_FORMAT = "dwarf-with-dsym";
				ENABLE_NS_ASSERTIONS = NO;
				ENABLE_STRICT_OBJC_MSGSEND = YES;
				GCC_C_LANGUAGE_STANDARD = gnu11;
				GCC_NO_COMMON_BLOCKS = YES;
				GCC_WARN_64_TO_32_BIT_CONVERSION = YES;
				GCC_WARN_ABOUT_RETURN_TYPE = YES_ERROR;
				GCC_WARN_UNDECLARED_SELECTOR = YES;
				GCC_WARN_UNINITIALIZED_AUTOS = YES_AGGRESSIVE;
				GCC_WARN_UNUSED_FUNCTION = YES;
				GCC_WARN_UNUSED_VARIABLE = YES;
				IPHONEOS_DEPLOYMENT_TARGET = 16.2;
				MTL_ENABLE_DEBUG_INFO = NO;
				MTL_FAST_MATH = YES;
				SDKROOT = iphoneos;
				SWIFT_COMPILATION_MODE = wholemodule;
				SWIFT_OPTIMIZATION_LEVEL = "-O";
				VALIDATE_PRODUCT = YES;
			};
			name = Release;
		};
		FC511DF4297FEA0100424F9B /* Debug */ = {
			isa = XCBuildConfiguration;
			buildSettings = {
				ALWAYS_EMBED_SWIFT_STANDARD_LIBRARIES = YES;
				ASSETCATALOG_COMPILER_APPICON_NAME = AppIcon;
				ASSETCATALOG_COMPILER_GLOBAL_ACCENT_COLOR_NAME = AccentColor;
				CODE_SIGN_STYLE = Automatic;
				CURRENT_PROJECT_VERSION = 1;
				DEVELOPMENT_TEAM = V7A578M95D;
				GENERATE_INFOPLIST_FILE = YES;
				INFOPLIST_FILE = POCDependencyInjection/Info.plist;
				INFOPLIST_KEY_UIApplicationSupportsIndirectInputEvents = YES;
				INFOPLIST_KEY_UILaunchStoryboardName = LaunchScreen;
				INFOPLIST_KEY_UIMainStoryboardFile = Main;
				INFOPLIST_KEY_UISupportedInterfaceOrientations_iPad = "UIInterfaceOrientationPortrait UIInterfaceOrientationPortraitUpsideDown UIInterfaceOrientationLandscapeLeft UIInterfaceOrientationLandscapeRight";
				INFOPLIST_KEY_UISupportedInterfaceOrientations_iPhone = "UIInterfaceOrientationPortrait UIInterfaceOrientationLandscapeLeft UIInterfaceOrientationLandscapeRight";
				LD_RUNPATH_SEARCH_PATHS = (
					"$(inherited)",
					"@executable_path/Frameworks",
				);
				MARKETING_VERSION = 1.0;
				PRODUCT_BUNDLE_IDENTIFIER = com.lucasbrbs.POCDependencyInjection;
				PRODUCT_NAME = "$(TARGET_NAME)";
				SWIFT_EMIT_LOC_STRINGS = YES;
				SWIFT_VERSION = 5.0;
				TARGETED_DEVICE_FAMILY = "1,2";
			};
			name = Debug;
		};
		FC511DF5297FEA0100424F9B /* Release */ = {
			isa = XCBuildConfiguration;
			buildSettings = {
				ALWAYS_EMBED_SWIFT_STANDARD_LIBRARIES = YES;
				ASSETCATALOG_COMPILER_APPICON_NAME = AppIcon;
				ASSETCATALOG_COMPILER_GLOBAL_ACCENT_COLOR_NAME = AccentColor;
				CODE_SIGN_STYLE = Automatic;
				CURRENT_PROJECT_VERSION = 1;
				DEVELOPMENT_TEAM = V7A578M95D;
				GENERATE_INFOPLIST_FILE = YES;
				INFOPLIST_FILE = POCDependencyInjection/Info.plist;
				INFOPLIST_KEY_UIApplicationSupportsIndirectInputEvents = YES;
				INFOPLIST_KEY_UILaunchStoryboardName = LaunchScreen;
				INFOPLIST_KEY_UIMainStoryboardFile = Main;
				INFOPLIST_KEY_UISupportedInterfaceOrientations_iPad = "UIInterfaceOrientationPortrait UIInterfaceOrientationPortraitUpsideDown UIInterfaceOrientationLandscapeLeft UIInterfaceOrientationLandscapeRight";
				INFOPLIST_KEY_UISupportedInterfaceOrientations_iPhone = "UIInterfaceOrientationPortrait UIInterfaceOrientationLandscapeLeft UIInterfaceOrientationLandscapeRight";
				LD_RUNPATH_SEARCH_PATHS = (
					"$(inherited)",
					"@executable_path/Frameworks",
				);
				MARKETING_VERSION = 1.0;
				PRODUCT_BUNDLE_IDENTIFIER = com.lucasbrbs.POCDependencyInjection;
				PRODUCT_NAME = "$(TARGET_NAME)";
				SWIFT_EMIT_LOC_STRINGS = YES;
				SWIFT_VERSION = 5.0;
				TARGETED_DEVICE_FAMILY = "1,2";
			};
			name = Release;
		};
		FC511E13298077ED00424F9B /* Debug */ = {
			isa = XCBuildConfiguration;
			buildSettings = {
				CODE_SIGN_STYLE = Automatic;
				CURRENT_PROJECT_VERSION = 1;
				DEFINES_MODULE = YES;
				DEVELOPMENT_TEAM = V7A578M95D;
				DYLIB_COMPATIBILITY_VERSION = 1;
				DYLIB_CURRENT_VERSION = 1;
				DYLIB_INSTALL_NAME_BASE = "@rpath";
				GENERATE_INFOPLIST_FILE = YES;
				INFOPLIST_KEY_NSHumanReadableCopyright = "";
				INSTALL_PATH = "$(LOCAL_LIBRARY_DIR)/Frameworks";
				LD_RUNPATH_SEARCH_PATHS = (
					"$(inherited)",
					"@executable_path/Frameworks",
					"@loader_path/Frameworks",
				);
				MARKETING_VERSION = 1.0;
				PRODUCT_BUNDLE_IDENTIFIER = com.lucasbrbs.APIKIT;
				PRODUCT_NAME = "$(TARGET_NAME:c99extidentifier)";
				SKIP_INSTALL = YES;
				SWIFT_EMIT_LOC_STRINGS = YES;
				SWIFT_VERSION = 5.0;
				TARGETED_DEVICE_FAMILY = "1,2";
				VERSIONING_SYSTEM = "apple-generic";
				VERSION_INFO_PREFIX = "";
			};
			name = Debug;
		};
		FC511E14298077ED00424F9B /* Release */ = {
			isa = XCBuildConfiguration;
			buildSettings = {
				CODE_SIGN_STYLE = Automatic;
				CURRENT_PROJECT_VERSION = 1;
				DEFINES_MODULE = YES;
				DEVELOPMENT_TEAM = V7A578M95D;
				DYLIB_COMPATIBILITY_VERSION = 1;
				DYLIB_CURRENT_VERSION = 1;
				DYLIB_INSTALL_NAME_BASE = "@rpath";
				GENERATE_INFOPLIST_FILE = YES;
				INFOPLIST_KEY_NSHumanReadableCopyright = "";
				INSTALL_PATH = "$(LOCAL_LIBRARY_DIR)/Frameworks";
				LD_RUNPATH_SEARCH_PATHS = (
					"$(inherited)",
					"@executable_path/Frameworks",
					"@loader_path/Frameworks",
				);
				MARKETING_VERSION = 1.0;
				PRODUCT_BUNDLE_IDENTIFIER = com.lucasbrbs.APIKIT;
				PRODUCT_NAME = "$(TARGET_NAME:c99extidentifier)";
				SKIP_INSTALL = YES;
				SWIFT_EMIT_LOC_STRINGS = YES;
				SWIFT_VERSION = 5.0;
				TARGETED_DEVICE_FAMILY = "1,2";
				VERSIONING_SYSTEM = "apple-generic";
				VERSION_INFO_PREFIX = "";
			};
			name = Release;
		};
		FC511E17298077ED00424F9B /* Debug */ = {
			isa = XCBuildConfiguration;
			buildSettings = {
				ALWAYS_EMBED_SWIFT_STANDARD_LIBRARIES = YES;
				CODE_SIGN_STYLE = Automatic;
				CURRENT_PROJECT_VERSION = 1;
				DEVELOPMENT_TEAM = V7A578M95D;
				GENERATE_INFOPLIST_FILE = YES;
				MARKETING_VERSION = 1.0;
				PRODUCT_BUNDLE_IDENTIFIER = com.lucasbrbs.APIKITTests;
				PRODUCT_NAME = "$(TARGET_NAME)";
				SWIFT_EMIT_LOC_STRINGS = NO;
				SWIFT_VERSION = 5.0;
				TARGETED_DEVICE_FAMILY = "1,2";
				TEST_HOST = "$(BUILT_PRODUCTS_DIR)/POCDependencyInjection.app/$(BUNDLE_EXECUTABLE_FOLDER_PATH)/POCDependencyInjection";
			};
			name = Debug;
		};
		FC511E18298077ED00424F9B /* Release */ = {
			isa = XCBuildConfiguration;
			buildSettings = {
				ALWAYS_EMBED_SWIFT_STANDARD_LIBRARIES = YES;
				CODE_SIGN_STYLE = Automatic;
				CURRENT_PROJECT_VERSION = 1;
				DEVELOPMENT_TEAM = V7A578M95D;
				GENERATE_INFOPLIST_FILE = YES;
				MARKETING_VERSION = 1.0;
				PRODUCT_BUNDLE_IDENTIFIER = com.lucasbrbs.APIKITTests;
				PRODUCT_NAME = "$(TARGET_NAME)";
				SWIFT_EMIT_LOC_STRINGS = NO;
				SWIFT_VERSION = 5.0;
				TARGETED_DEVICE_FAMILY = "1,2";
				TEST_HOST = "$(BUILT_PRODUCTS_DIR)/POCDependencyInjection.app/$(BUNDLE_EXECUTABLE_FOLDER_PATH)/POCDependencyInjection";
			};
			name = Release;
		};
		FC511E38298183A900424F9B /* Debug */ = {
			isa = XCBuildConfiguration;
			buildSettings = {
				CODE_SIGN_STYLE = Automatic;
				CURRENT_PROJECT_VERSION = 1;
				DEFINES_MODULE = YES;
				DEVELOPMENT_TEAM = V7A578M95D;
				DYLIB_COMPATIBILITY_VERSION = 1;
				DYLIB_CURRENT_VERSION = 1;
				DYLIB_INSTALL_NAME_BASE = "@rpath";
				GENERATE_INFOPLIST_FILE = YES;
				INFOPLIST_KEY_NSHumanReadableCopyright = "";
				INSTALL_PATH = "$(LOCAL_LIBRARY_DIR)/Frameworks";
				LD_RUNPATH_SEARCH_PATHS = (
					"$(inherited)",
					"@executable_path/Frameworks",
					"@loader_path/Frameworks",
				);
				MARKETING_VERSION = 1.0;
				PRODUCT_BUNDLE_IDENTIFIER = com.lucasbrbs.MyAppUIKit;
				PRODUCT_NAME = "$(TARGET_NAME:c99extidentifier)";
				SKIP_INSTALL = YES;
				SWIFT_EMIT_LOC_STRINGS = YES;
				SWIFT_VERSION = 5.0;
				TARGETED_DEVICE_FAMILY = "1,2";
				VERSIONING_SYSTEM = "apple-generic";
				VERSION_INFO_PREFIX = "";
			};
			name = Debug;
		};
		FC511E39298183A900424F9B /* Release */ = {
			isa = XCBuildConfiguration;
			buildSettings = {
				CODE_SIGN_STYLE = Automatic;
				CURRENT_PROJECT_VERSION = 1;
				DEFINES_MODULE = YES;
				DEVELOPMENT_TEAM = V7A578M95D;
				DYLIB_COMPATIBILITY_VERSION = 1;
				DYLIB_CURRENT_VERSION = 1;
				DYLIB_INSTALL_NAME_BASE = "@rpath";
				GENERATE_INFOPLIST_FILE = YES;
				INFOPLIST_KEY_NSHumanReadableCopyright = "";
				INSTALL_PATH = "$(LOCAL_LIBRARY_DIR)/Frameworks";
				LD_RUNPATH_SEARCH_PATHS = (
					"$(inherited)",
					"@executable_path/Frameworks",
					"@loader_path/Frameworks",
				);
				MARKETING_VERSION = 1.0;
				PRODUCT_BUNDLE_IDENTIFIER = com.lucasbrbs.MyAppUIKit;
				PRODUCT_NAME = "$(TARGET_NAME:c99extidentifier)";
				SKIP_INSTALL = YES;
				SWIFT_EMIT_LOC_STRINGS = YES;
				SWIFT_VERSION = 5.0;
				TARGETED_DEVICE_FAMILY = "1,2";
				VERSIONING_SYSTEM = "apple-generic";
				VERSION_INFO_PREFIX = "";
			};
			name = Release;
		};
		FC511E3B298183A900424F9B /* Debug */ = {
			isa = XCBuildConfiguration;
			buildSettings = {
				ALWAYS_EMBED_SWIFT_STANDARD_LIBRARIES = YES;
				CODE_SIGN_STYLE = Automatic;
				CURRENT_PROJECT_VERSION = 1;
				DEVELOPMENT_TEAM = V7A578M95D;
				GENERATE_INFOPLIST_FILE = YES;
				MARKETING_VERSION = 1.0;
				PRODUCT_BUNDLE_IDENTIFIER = com.lucasbrbs.MyAppUIKitTests;
				PRODUCT_NAME = "$(TARGET_NAME)";
				SWIFT_EMIT_LOC_STRINGS = NO;
				SWIFT_VERSION = 5.0;
				TARGETED_DEVICE_FAMILY = "1,2";
				TEST_HOST = "$(BUILT_PRODUCTS_DIR)/POCDependencyInjection.app/$(BUNDLE_EXECUTABLE_FOLDER_PATH)/POCDependencyInjection";
			};
			name = Debug;
		};
		FC511E3C298183A900424F9B /* Release */ = {
			isa = XCBuildConfiguration;
			buildSettings = {
				ALWAYS_EMBED_SWIFT_STANDARD_LIBRARIES = YES;
				CODE_SIGN_STYLE = Automatic;
				CURRENT_PROJECT_VERSION = 1;
				DEVELOPMENT_TEAM = V7A578M95D;
				GENERATE_INFOPLIST_FILE = YES;
				MARKETING_VERSION = 1.0;
				PRODUCT_BUNDLE_IDENTIFIER = com.lucasbrbs.MyAppUIKitTests;
				PRODUCT_NAME = "$(TARGET_NAME)";
				SWIFT_EMIT_LOC_STRINGS = NO;
				SWIFT_VERSION = 5.0;
				TARGETED_DEVICE_FAMILY = "1,2";
				TEST_HOST = "$(BUILT_PRODUCTS_DIR)/POCDependencyInjection.app/$(BUNDLE_EXECUTABLE_FOLDER_PATH)/POCDependencyInjection";
			};
			name = Release;
		};
/* End XCBuildConfiguration section */

/* Begin XCConfigurationList section */
		FC511DDA297FEA0000424F9B /* Build configuration list for PBXProject "POCDependencyInjection" */ = {
			isa = XCConfigurationList;
			buildConfigurations = (
				FC511DF1297FEA0100424F9B /* Debug */,
				FC511DF2297FEA0100424F9B /* Release */,
			);
			defaultConfigurationIsVisible = 0;
			defaultConfigurationName = Release;
		};
		FC511DF3297FEA0100424F9B /* Build configuration list for PBXNativeTarget "POCDependencyInjection" */ = {
			isa = XCConfigurationList;
			buildConfigurations = (
				FC511DF4297FEA0100424F9B /* Debug */,
				FC511DF5297FEA0100424F9B /* Release */,
			);
			defaultConfigurationIsVisible = 0;
			defaultConfigurationName = Release;
		};
		FC511E12298077ED00424F9B /* Build configuration list for PBXNativeTarget "APIKIT" */ = {
			isa = XCConfigurationList;
			buildConfigurations = (
				FC511E13298077ED00424F9B /* Debug */,
				FC511E14298077ED00424F9B /* Release */,
			);
			defaultConfigurationIsVisible = 0;
			defaultConfigurationName = Release;
		};
		FC511E16298077ED00424F9B /* Build configuration list for PBXNativeTarget "APIKITTests" */ = {
			isa = XCConfigurationList;
			buildConfigurations = (
				FC511E17298077ED00424F9B /* Debug */,
				FC511E18298077ED00424F9B /* Release */,
			);
			defaultConfigurationIsVisible = 0;
			defaultConfigurationName = Release;
		};
		FC511E37298183A900424F9B /* Build configuration list for PBXNativeTarget "MyAppUIKit" */ = {
			isa = XCConfigurationList;
			buildConfigurations = (
				FC511E38298183A900424F9B /* Debug */,
				FC511E39298183A900424F9B /* Release */,
			);
			defaultConfigurationIsVisible = 0;
			defaultConfigurationName = Release;
		};
		FC511E3A298183A900424F9B /* Build configuration list for PBXNativeTarget "MyAppUIKitTests" */ = {
			isa = XCConfigurationList;
			buildConfigurations = (
				FC511E3B298183A900424F9B /* Debug */,
				FC511E3C298183A900424F9B /* Release */,
			);
			defaultConfigurationIsVisible = 0;
			defaultConfigurationName = Release;
		};
/* End XCConfigurationList section */
	};
	rootObject = FC511DD7297FEA0000424F9B /* Project object */;
}
